
Microsoft Visual Studio Solution File, Format Version 12.00
# Visual Studio Version 17
VisualStudioVersion = 17.0.31612.314
MinimumVisualStudioVersion = 10.0.40219.1
Project("{9A19103F-16F7-4668-BE54-9A1E7A4F7556}") = "RGA", "RGA\RGA.csproj", "{CE500371-9067-4E48-B551-805C726C5041}"
EndProject
Project("{9A19103F-16F7-4668-BE54-9A1E7A4F7556}") = "BGA", "Evolution1\BGA.csproj", "{2F04977B-9EE4-4517-A4DC-7BE55BF1F41D}"
EndProject
Project("{FAE04EC0-301F-11D3-BF4B-00C04F79EFBC}") = "Algorithm", "Salesman\Algorithm.csproj", "{61FF4BF4-5444-4105-A7A2-FF228099285D}"
EndProject
Project("{2150E333-8FDC-42A3-9474-1A3956D46DE8}") = "Salesman", "Salesman", "{112CCF5C-24F4-4306-98BB-D73B1410C011}"
EndProject
Project("{FAE04EC0-301F-11D3-BF4B-00C04F79EFBC}") = "Salesman.Tests", "Salesman.Tests\Salesman.Tests.csproj", "{757F9DAC-86AB-4BE3-BC71-79C7D3E472AF}"
EndProject
Global
	GlobalSection(SolutionConfigurationPlatforms) = preSolution
		Debug|Any CPU = Debug|Any CPU
		Release|Any CPU = Release|Any CPU
	EndGlobalSection
	GlobalSection(ProjectConfigurationPlatforms) = postSolution
		{CE500371-9067-4E48-B551-805C726C5041}.Debug|Any CPU.ActiveCfg = Debug|Any CPU
		{CE500371-9067-4E48-B551-805C726C5041}.Debug|Any CPU.Build.0 = Debug|Any CPU
		{CE500371-9067-4E48-B551-805C726C5041}.Release|Any CPU.ActiveCfg = Release|Any CPU
		{CE500371-9067-4E48-B551-805C726C5041}.Release|Any CPU.Build.0 = Release|Any CPU
		{2F04977B-9EE4-4517-A4DC-7BE55BF1F41D}.Debug|Any CPU.ActiveCfg = Debug|Any CPU
		{2F04977B-9EE4-4517-A4DC-7BE55BF1F41D}.Debug|Any CPU.Build.0 = Debug|Any CPU
		{2F04977B-9EE4-4517-A4DC-7BE55BF1F41D}.Release|Any CPU.ActiveCfg = Release|Any CPU
		{2F04977B-9EE4-4517-A4DC-7BE55BF1F41D}.Release|Any CPU.Build.0 = Release|Any CPU
		{61FF4BF4-5444-4105-A7A2-FF228099285D}.Debug|Any CPU.ActiveCfg = Debug|Any CPU
		{61FF4BF4-5444-4105-A7A2-FF228099285D}.Debug|Any CPU.Build.0 = Debug|Any CPU
		{61FF4BF4-5444-4105-A7A2-FF228099285D}.Release|Any CPU.ActiveCfg = Release|Any CPU
		{61FF4BF4-5444-4105-A7A2-FF228099285D}.Release|Any CPU.Build.0 = Release|Any CPU
		{757F9DAC-86AB-4BE3-BC71-79C7D3E472AF}.Debug|Any CPU.ActiveCfg = Debug|Any CPU
		{757F9DAC-86AB-4BE3-BC71-79C7D3E472AF}.Debug|Any CPU.Build.0 = Debug|Any CPU
		{757F9DAC-86AB-4BE3-BC71-79C7D3E472AF}.Release|Any CPU.ActiveCfg = Release|Any CPU
		{757F9DAC-86AB-4BE3-BC71-79C7D3E472AF}.Release|Any CPU.Build.0 = Release|Any CPU
	EndGlobalSection
	GlobalSection(SolutionProperties) = preSolution
		HideSolutionNode = FALSE
	EndGlobalSection
	GlobalSection(NestedProjects) = preSolution
		{61FF4BF4-5444-4105-A7A2-FF228099285D} = {112CCF5C-24F4-4306-98BB-D73B1410C011}
		{757F9DAC-86AB-4BE3-BC71-79C7D3E472AF} = {112CCF5C-24F4-4306-98BB-D73B1410C011}
	EndGlobalSection
	GlobalSection(ExtensibilityGlobals) = postSolution
		SolutionGuid = {DB58B35C-0773-4FA5-9EE2-04D0A8D75C9B}
	EndGlobalSection
EndGlobal
